
Microsoft Visual Studio Solution File, Format Version 12.00
# Visual Studio Version 17
VisualStudioVersion = 17.10.34928.147
MinimumVisualStudioVersion = 10.0.40219.1
Project("{FAE04EC0-301F-11D3-BF4B-00C04F79EFBC}") = "Toyshop", "Toyshop\Toyshop.csproj", "{EDEB2674-6587-495D-A84F-42D863289E23}"
EndProject
Global
	GlobalSection(SolutionConfigurationPlatforms) = preSolution
		Debug|Any CPU = Debug|Any CPU
		Release|Any CPU = Release|Any CPU
	EndGlobalSection
	GlobalSection(ProjectConfigurationPlatforms) = postSolution
		{EDEB2674-6587-495D-A84F-42D863289E23}.Debug|Any CPU.ActiveCfg = Debug|Any CPU
		{EDEB2674-6587-495D-A84F-42D863289E23}.Debug|Any CPU.Build.0 = Debug|Any CPU
		{EDEB2674-6587-495D-A84F-42D863289E23}.Release|Any CPU.ActiveCfg = Release|Any CPU
		{EDEB2674-6587-495D-A84F-42D863289E23}.Release|Any CPU.Build.0 = Release|Any CPU
	EndGlobalSection
	GlobalSection(SolutionProperties) = preSolution
		HideSolutionNode = FALSE
	EndGlobalSection
	GlobalSection(ExtensibilityGlobals) = postSolution
		SolutionGuid = {561B69BB-08A5-46A9-B1FF-F004E01E1FC7}
	EndGlobalSection
EndGlobal
